
Microsoft Visual Studio Solution File, Format Version 12.00
# Visual Studio Version 17
VisualStudioVersion = 17.14.36414.22 d17.14
MinimumVisualStudioVersion = 10.0.40219.1
Project("{FAE04EC0-301F-11D3-BF4B-00C04F79EFBC}") = "trabajo2", "trabajo2\trabajo2.csproj", "{8696A91B-6636-4D12-9A5A-D10BCF4273EF}"
EndProject
Global
	GlobalSection(SolutionConfigurationPlatforms) = preSolution
		Debug|Any CPU = Debug|Any CPU
		Release|Any CPU = Release|Any CPU
	EndGlobalSection
	GlobalSection(ProjectConfigurationPlatforms) = postSolution
		{8696A91B-6636-4D12-9A5A-D10BCF4273EF}.Debug|Any CPU.ActiveCfg = Debug|Any CPU
		{8696A91B-6636-4D12-9A5A-D10BCF4273EF}.Debug|Any CPU.Build.0 = Debug|Any CPU
		{8696A91B-6636-4D12-9A5A-D10BCF4273EF}.Release|Any CPU.ActiveCfg = Release|Any CPU
		{8696A91B-6636-4D12-9A5A-D10BCF4273EF}.Release|Any CPU.Build.0 = Release|Any CPU
	EndGlobalSection
	GlobalSection(SolutionProperties) = preSolution
		HideSolutionNode = FALSE
	EndGlobalSection
	GlobalSection(ExtensibilityGlobals) = postSolution
		SolutionGuid = {1F24BA93-DFED-4147-9C3F-42E24BC4A867}
	EndGlobalSection
EndGlobal
